
Microsoft Visual Studio Solution File, Format Version 12.00
# Visual Studio Version 17
VisualStudioVersion = 17.5.33502.453
MinimumVisualStudioVersion = 10.0.40219.1
Project("{FAE04EC0-301F-11D3-BF4B-00C04F79EFBC}") = "MatriceInteri", "MatriceInteri\MatriceInteri.csproj", "{F231F948-0902-43F6-B1C5-27B0354C9881}"
EndProject
Global
	GlobalSection(SolutionConfigurationPlatforms) = preSolution
		Debug|Any CPU = Debug|Any CPU
		Release|Any CPU = Release|Any CPU
	EndGlobalSection
	GlobalSection(ProjectConfigurationPlatforms) = postSolution
		{F231F948-0902-43F6-B1C5-27B0354C9881}.Debug|Any CPU.ActiveCfg = Debug|Any CPU
		{F231F948-0902-43F6-B1C5-27B0354C9881}.Debug|Any CPU.Build.0 = Debug|Any CPU
		{F231F948-0902-43F6-B1C5-27B0354C9881}.Release|Any CPU.ActiveCfg = Release|Any CPU
		{F231F948-0902-43F6-B1C5-27B0354C9881}.Release|Any CPU.Build.0 = Release|Any CPU
	EndGlobalSection
	GlobalSection(SolutionProperties) = preSolution
		HideSolutionNode = FALSE
	EndGlobalSection
	GlobalSection(ExtensibilityGlobals) = postSolution
		SolutionGuid = {10F5B3E0-B841-4982-A984-75F44BDB444E}
	EndGlobalSection
EndGlobal
