
Microsoft Visual Studio Solution File, Format Version 12.00
# Visual Studio Version 17
VisualStudioVersion = 17.5.33502.453
MinimumVisualStudioVersion = 10.0.40219.1
Project("{FAE04EC0-301F-11D3-BF4B-00C04F79EFBC}") = "GestioneLibrettoStudenti", "GestioneLibrettoStudenti\GestioneLibrettoStudenti.csproj", "{B226BE0C-7C41-4421-9ED5-8A9BF0BBA829}"
EndProject
Global
	GlobalSection(SolutionConfigurationPlatforms) = preSolution
		Debug|Any CPU = Debug|Any CPU
		Release|Any CPU = Release|Any CPU
	EndGlobalSection
	GlobalSection(ProjectConfigurationPlatforms) = postSolution
		{B226BE0C-7C41-4421-9ED5-8A9BF0BBA829}.Debug|Any CPU.ActiveCfg = Debug|Any CPU
		{B226BE0C-7C41-4421-9ED5-8A9BF0BBA829}.Debug|Any CPU.Build.0 = Debug|Any CPU
		{B226BE0C-7C41-4421-9ED5-8A9BF0BBA829}.Release|Any CPU.ActiveCfg = Release|Any CPU
		{B226BE0C-7C41-4421-9ED5-8A9BF0BBA829}.Release|Any CPU.Build.0 = Release|Any CPU
	EndGlobalSection
	GlobalSection(SolutionProperties) = preSolution
		HideSolutionNode = FALSE
	EndGlobalSection
	GlobalSection(ExtensibilityGlobals) = postSolution
		SolutionGuid = {60DF60F4-B8CF-4BA2-9617-8D5EA42CA541}
	EndGlobalSection
EndGlobal
