
Microsoft Visual Studio Solution File, Format Version 12.00
# Visual Studio Version 17
VisualStudioVersion = 17.5.33502.453
MinimumVisualStudioVersion = 10.0.40219.1
Project("{FAE04EC0-301F-11D3-BF4B-00C04F79EFBC}") = "Persone", "Persone\Persone.csproj", "{0AE29009-70D3-4ADC-B034-53AA51DCB5DC}"
EndProject
Global
	GlobalSection(SolutionConfigurationPlatforms) = preSolution
		Debug|Any CPU = Debug|Any CPU
		Release|Any CPU = Release|Any CPU
	EndGlobalSection
	GlobalSection(ProjectConfigurationPlatforms) = postSolution
		{0AE29009-70D3-4ADC-B034-53AA51DCB5DC}.Debug|Any CPU.ActiveCfg = Debug|Any CPU
		{0AE29009-70D3-4ADC-B034-53AA51DCB5DC}.Debug|Any CPU.Build.0 = Debug|Any CPU
		{0AE29009-70D3-4ADC-B034-53AA51DCB5DC}.Release|Any CPU.ActiveCfg = Release|Any CPU
		{0AE29009-70D3-4ADC-B034-53AA51DCB5DC}.Release|Any CPU.Build.0 = Release|Any CPU
	EndGlobalSection
	GlobalSection(SolutionProperties) = preSolution
		HideSolutionNode = FALSE
	EndGlobalSection
	GlobalSection(ExtensibilityGlobals) = postSolution
		SolutionGuid = {C9D4AA41-95B9-4D58-A3F1-08F3532E9BE9}
	EndGlobalSection
EndGlobal
