
Microsoft Visual Studio Solution File, Format Version 12.00
# Visual Studio Version 17
VisualStudioVersion = 17.5.33502.453
MinimumVisualStudioVersion = 10.0.40219.1
Project("{FAE04EC0-301F-11D3-BF4B-00C04F79EFBC}") = "LinQ", "LinQ\LinQ.csproj", "{099A757D-71D8-41F3-9A86-0120BA4F0567}"
EndProject
Global
	GlobalSection(SolutionConfigurationPlatforms) = preSolution
		Debug|Any CPU = Debug|Any CPU
		Release|Any CPU = Release|Any CPU
	EndGlobalSection
	GlobalSection(ProjectConfigurationPlatforms) = postSolution
		{099A757D-71D8-41F3-9A86-0120BA4F0567}.Debug|Any CPU.ActiveCfg = Debug|Any CPU
		{099A757D-71D8-41F3-9A86-0120BA4F0567}.Debug|Any CPU.Build.0 = Debug|Any CPU
		{099A757D-71D8-41F3-9A86-0120BA4F0567}.Release|Any CPU.ActiveCfg = Release|Any CPU
		{099A757D-71D8-41F3-9A86-0120BA4F0567}.Release|Any CPU.Build.0 = Release|Any CPU
	EndGlobalSection
	GlobalSection(SolutionProperties) = preSolution
		HideSolutionNode = FALSE
	EndGlobalSection
	GlobalSection(ExtensibilityGlobals) = postSolution
		SolutionGuid = {5F45BF60-E8F8-4068-92DF-DEEEE97F798A}
	EndGlobalSection
EndGlobal
